Microsoft Visual Studio Solution File, Format Version 11.00
# Visual Studio 2008

Project("{426EC5EF-0839-1A92-F8A4-CC883ECD9BB7}") = "E2_data_collection", "Assembly-CSharp.csproj", "{11F465BC-0472-E591-BA0E-C33B972C41D1}"
EndProject
Global
	GlobalSection(SolutionConfigurationPlatforms) = preSolution
		Debug|Any CPU = Debug|Any CPU
		Release|Any CPU = Release|Any CPU
	EndGlobalSection
	GlobalSection(ProjectConfigurationPlatforms) = postSolution
		{11F465BC-0472-E591-BA0E-C33B972C41D1}.Debug|Any CPU.ActiveCfg = Debug|Any CPU
		{11F465BC-0472-E591-BA0E-C33B972C41D1}.Debug|Any CPU.Build.0 = Debug|Any CPU
		{11F465BC-0472-E591-BA0E-C33B972C41D1}.Release|Any CPU.ActiveCfg = Release|Any CPU
		{11F465BC-0472-E591-BA0E-C33B972C41D1}.Release|Any CPU.Build.0 = Release|Any CPU
	EndGlobalSection
	GlobalSection(SolutionProperties) = preSolution
		HideSolutionNode = FALSE
	EndGlobalSection
	GlobalSection(MonoDevelopProperties) = preSolution
		StartupItem = Assembly-CSharp.csproj
	EndGlobalSection
EndGlobal
